<?xml version="1.0" encoding="utf-8"?>
<Project ToolsVersion="4.0" xmlns="http://schemas.microsoft.com/developer/msbuild/2003">
  <ItemGroup>
    <Filter Include="Source Files">
      <UniqueIdentifier>{4FC737F1-C7A5-4376-A066-2A32D752A2FF}</UniqueIdentifier>
      <Extensions>cpp;c;cc;cxx;c++;cppm;ixx;def;odl;idl;hpj;bat;asm;asmx</Extensions>
    </Filter>
    <Filter Include="Header Files">
      <UniqueIdentifier>{93995380-89BD-4b04-88EB-625FBE52EBFB}</UniqueIdentifier>
      <Extensions>h;hh;hpp;hxx;h++;hm;inl;inc;ipp;xsd</Extensions>
    </Filter>
    <Filter Include="Resource Files">
      <UniqueIdentifier>{67DA6AB6-F800-4c08-8B7A-83BB121AAD01}</UniqueIdentifier>
      <Extensions>rc;ico;cur;bmp;dlg;rc2;rct;bin;rgs;gif;jpg;jpeg;jpe;resx;tiff;tif;png;wav;mfcribbon-ms</Extensions>
    </Filter>
    <Filter Include="Header Files\Packet">
      <UniqueIdentifier>{12e7a2bb-3800-4c1a-a1cc-475c927bd611}</UniqueIdentifier>
    </Filter>
    <Filter Include="Header Files\Net">
      <UniqueIdentifier>{ba1a08b2-f2d1-40c9-805f-87b5b55dcfcb}</UniqueIdentifier>
    </Filter>
  </ItemGroup>
  <ItemGroup>
    <ClCompile Include="network.cpp">
      <Filter>Source Files</Filter>
    </ClCompile>
    <ClCompile Include="Socket.cpp">
      <Filter>Source Files</Filter>
    </ClCompile>
    <ClCompile Include="IPEndpoint.cpp">
      <Filter>Source Files</Filter>
    </ClCompile>
    <ClCompile Include="Packet.cpp">
      <Filter>Source Files</Filter>
    </ClCompile>
    <ClCompile Include="TCPConnection.cpp">
      <Filter>Source Files</Filter>
    </ClCompile>
    <ClCompile Include="PacketManager.cpp">
      <Filter>Source Files</Filter>
    </ClCompile>
    <ClCompile Include="Server.cpp">
      <Filter>Source Files</Filter>
    </ClCompile>
    <ClCompile Include="Client.cpp">
      <Filter>Source Files</Filter>
    </ClCompile>
    <ClCompile Include="Communication.cpp">
      <Filter>Source Files</Filter>
    </ClCompile>
    <ClCompile Include="Instruction.cpp">
      <Filter>Source Files</Filter>
    </ClCompile>
    <ClCompile Include="FileTransferHandler.cpp">
      <Filter>Source Files</Filter>
    </ClCompile>
  </ItemGroup>
  <ItemGroup>
    <ClInclude Include="FileTransferHandler.hpp">
      <Filter>Header Files</Filter>
    </ClInclude>
    <ClInclude Include="Communication.hpp">
      <Filter>Header Files</Filter>
    </ClInclude>
    <ClInclude Include="IncludeMe.hpp">
      <Filter>Header Files</Filter>
    </ClInclude>
    <ClInclude Include="Instruction.hpp">
      <Filter>Header Files</Filter>
    </ClInclude>
    <ClInclude Include="PResult.hpp">
      <Filter>Header Files</Filter>
    </ClInclude>
    <ClInclude Include="Server.hpp">
      <Filter>Header Files</Filter>
    </ClInclude>
    <ClInclude Include="Constants.hpp">
      <Filter>Header Files</Filter>
    </ClInclude>
    <ClInclude Include="Client.hpp">
      <Filter>Header Files</Filter>
    </ClInclude>
    <ClInclude Include="Helpers.hpp">
      <Filter>Header Files</Filter>
    </ClInclude>
    <ClInclude Include="PacketType.hpp">
      <Filter>Header Files\Packet</Filter>
    </ClInclude>
    <ClInclude Include="PacketManager.hpp">
      <Filter>Header Files\Packet</Filter>
    </ClInclude>
    <ClInclude Include="PacketException.hpp">
      <Filter>Header Files\Packet</Filter>
    </ClInclude>
    <ClInclude Include="Packet.hpp">
      <Filter>Header Files\Packet</Filter>
    </ClInclude>
    <ClInclude Include="TCPConnection.hpp">
      <Filter>Header Files\Net</Filter>
    </ClInclude>
    <ClInclude Include="SocketOptions.hpp">
      <Filter>Header Files\Net</Filter>
    </ClInclude>
    <ClInclude Include="Network.hpp">
      <Filter>Header Files\Net</Filter>
    </ClInclude>
    <ClInclude Include="IPVersion.hpp">
      <Filter>Header Files\Net</Filter>
    </ClInclude>
    <ClInclude Include="IPEndpoint.hpp">
      <Filter>Header Files\Net</Filter>
    </ClInclude>
    <ClInclude Include="Socket.hpp">
      <Filter>Header Files\Net</Filter>
    </ClInclude>
    <ClInclude Include="SocketHandle.hpp">
      <Filter>Header Files\Net</Filter>
    </ClInclude>
  </ItemGroup>
</Project>